# THIS IS AN AUTOGENERATED FILE. DO NOT EDIT THIS FILE DIRECTLY.
# yarn lockfile v1


dotenv@^17.2.2:
  version "17.2.2"
  resolved "https://registry.yarnpkg.com/dotenv/-/dotenv-17.2.2.tgz#4010cfe1c2be4fc0f46fd3d951afb424bc067ac6"
  integrity sha512-Sf2LSQP+bOlhKWWyhFsn0UsfdK/kCWRv1iuA2gXAwt3dyNabr6QSj00I2V10pidqz69soatm9ZwZvpQMTIOd5Q==
